// !$*UTF8*$!
{
	archiveVersion = 1;
	classes = {
	};
	objectVersion = 55;
	objects = {

/* Begin PBXBuildFile section */
		38D4C3EA5523484EB0074FA0 /* Pods_NewsFeedMVVM.framework in Frameworks */ = {isa = PBXBuildFile; fileRef = 811299B9D2A76963D2C74D41 /* Pods_NewsFeedMVVM.framework */; };
		9453180629397546853D15A4 /* Pods_NewsFeedMVVM_NewsFeedMVVMUITests.framework in Frameworks */ = {isa = PBXBuildFile; fileRef = 9BB1FEC16DFE58745DB29FDF /* Pods_NewsFeedMVVM_NewsFeedMVVMUITests.framework */; };
		A574477F0D1F17036F1220B0 /* Pods_NewsFeedMVVMTests.framework in Frameworks */ = {isa = PBXBuildFile; fileRef = F80F4C42C760FFCC486973E2 /* Pods_NewsFeedMVVMTests.framework */; };
		FA30AADE27B1388F00CB10A9 /* URLRequestBuilder.swift in Sources */ = {isa = PBXBuildFile; fileRef = FA30AADD27B1388F00CB10A9 /* URLRequestBuilder.swift */; };
		FA30AAE227B13ABD00CB10A9 /* NewsProvider.swift in Sources */ = {isa = PBXBuildFile; fileRef = FA30AAE127B13ABD00CB10A9 /* NewsProvider.swift */; };
		FA97381F27B11CD5002C56C1 /* NewsFeedMVVMApp.swift in Sources */ = {isa = PBXBuildFile; fileRef = FA97381E27B11CD5002C56C1 /* NewsFeedMVVMApp.swift */; };
		FA97382327B11CD6002C56C1 /* Assets.xcassets in Resources */ = {isa = PBXBuildFile; fileRef = FA97382227B11CD6002C56C1 /* Assets.xcassets */; };
		FA97382627B11CD6002C56C1 /* Preview Assets.xcassets in Resources */ = {isa = PBXBuildFile; fileRef = FA97382527B11CD6002C56C1 /* Preview Assets.xcassets */; };
		FA97383027B11CD6002C56C1 /* NewsFeedMVVMTests.swift in Sources */ = {isa = PBXBuildFile; fileRef = FA97382F27B11CD6002C56C1 /* NewsFeedMVVMTests.swift */; };
		FA97383A27B11CD6002C56C1 /* NewsFeedMVVMUITests.swift in Sources */ = {isa = PBXBuildFile; fileRef = FA97383927B11CD6002C56C1 /* NewsFeedMVVMUITests.swift */; };
		FA97383C27B11CD6002C56C1 /* NewsFeedMVVMUITestsLaunchTests.swift in Sources */ = {isa = PBXBuildFile; fileRef = FA97383B27B11CD6002C56C1 /* NewsFeedMVVMUITestsLaunchTests.swift */; };
		FA97384B27B12035002C56C1 /* NewsView.swift in Sources */ = {isa = PBXBuildFile; fileRef = FA97384A27B12035002C56C1 /* NewsView.swift */; };
		FA97384D27B12842002C56C1 /* NewsViewModel.swift in Sources */ = {isa = PBXBuildFile; fileRef = FA97384C27B12842002C56C1 /* NewsViewModel.swift */; };
		FA97385127B13291002C56C1 /* Article.swift in Sources */ = {isa = PBXBuildFile; fileRef = FA97385027B13291002C56C1 /* Article.swift */; };
		FA97385327B13309002C56C1 /* NewsFeed.swift in Sources */ = {isa = PBXBuildFile; fileRef = FA97385227B13309002C56C1 /* NewsFeed.swift */; };
		FA97385527B1332E002C56C1 /* NetworkManager.swift in Sources */ = {isa = PBXBuildFile; fileRef = FA97385427B1332E002C56C1 /* NetworkManager.swift */; };
/* End PBXBuildFile section */

/* Begin PBXContainerItemProxy section */
		FA97382C27B11CD6002C56C1 /* PBXContainerItemProxy */ = {
			isa = PBXContainerItemProxy;
			containerPortal = FA97381327B11CD5002C56C1 /* Project object */;
			proxyType = 1;
			remoteGlobalIDString = FA97381A27B11CD5002C56C1;
			remoteInfo = NewsFeedMVVM;
		};
		FA97383627B11CD6002C56C1 /* PBXContainerItemProxy */ = {
			isa = PBXContainerItemProxy;
			containerPortal = FA97381327B11CD5002C56C1 /* Project object */;
			proxyType = 1;
			remoteGlobalIDString = FA97381A27B11CD5002C56C1;
			remoteInfo = NewsFeedMVVM;
		};
/* End PBXContainerItemProxy section */

/* Begin PBXFileReference section */
		035EC33DCEE175D90AD4FAEC /* Pods-NewsFeedMVVM.release.xcconfig */ = {isa = PBXFileReference; includeInIndex = 1; lastKnownFileType = text.xcconfig; name = "Pods-NewsFeedMVVM.release.xcconfig"; path = "Target Support Files/Pods-NewsFeedMVVM/Pods-NewsFeedMVVM.release.xcconfig"; sourceTree = "<group>"; };
		054F63DF3E4CB4EE90CE3E61 /* Pods-NewsFeedMVVM.debug.xcconfig */ = {isa = PBXFileReference; includeInIndex = 1; lastKnownFileType = text.xcconfig; name = "Pods-NewsFeedMVVM.debug.xcconfig"; path = "Target Support Files/Pods-NewsFeedMVVM/Pods-NewsFeedMVVM.debug.xcconfig"; sourceTree = "<group>"; };
		27B6A68844924158DEE0D379 /* Pods-NewsFeedMVVM-NewsFeedMVVMUITests.release.xcconfig */ = {isa = PBXFileReference; includeInIndex = 1; lastKnownFileType = text.xcconfig; name = "Pods-NewsFeedMVVM-NewsFeedMVVMUITests.release.xcconfig"; path = "Target Support Files/Pods-NewsFeedMVVM-NewsFeedMVVMUITests/Pods-NewsFeedMVVM-NewsFeedMVVMUITests.release.xcconfig"; sourceTree = "<group>"; };
		5CE680BE5749B5CC0D696382 /* Pods-NewsFeedMVVMTests.debug.xcconfig */ = {isa = PBXFileReference; includeInIndex = 1; lastKnownFileType = text.xcconfig; name = "Pods-NewsFeedMVVMTests.debug.xcconfig"; path = "Target Support Files/Pods-NewsFeedMVVMTests/Pods-NewsFeedMVVMTests.debug.xcconfig"; sourceTree = "<group>"; };
		811299B9D2A76963D2C74D41 /* Pods_NewsFeedMVVM.framework */ = {isa = PBXFileReference; explicitFileType = wrapper.framework; includeInIndex = 0; path = Pods_NewsFeedMVVM.framework; sourceTree = BUILT_PRODUCTS_DIR; };
		9BB1FEC16DFE58745DB29FDF /* Pods_NewsFeedMVVM_NewsFeedMVVMUITests.framework */ = {isa = PBXFileReference; explicitFileType = wrapper.framework; includeInIndex = 0; path = Pods_NewsFeedMVVM_NewsFeedMVVMUITests.framework; sourceTree = BUILT_PRODUCTS_DIR; };
		ABE8C175D381C45CEBEB6288 /* Pods-NewsFeedMVVMTests.release.xcconfig */ = {isa = PBXFileReference; includeInIndex = 1; lastKnownFileType = text.xcconfig; name = "Pods-NewsFeedMVVMTests.release.xcconfig"; path = "Target Support Files/Pods-NewsFeedMVVMTests/Pods-NewsFeedMVVMTests.release.xcconfig"; sourceTree = "<group>"; };
		F314D3F20150BA2FEA78DE0E /* Pods-NewsFeedMVVM-NewsFeedMVVMUITests.debug.xcconfig */ = {isa = PBXFileReference; includeInIndex = 1; lastKnownFileType = text.xcconfig; name = "Pods-NewsFeedMVVM-NewsFeedMVVMUITests.debug.xcconfig"; path = "Target Support Files/Pods-NewsFeedMVVM-NewsFeedMVVMUITests/Pods-NewsFeedMVVM-NewsFeedMVVMUITests.debug.xcconfig"; sourceTree = "<group>"; };
		F80F4C42C760FFCC486973E2 /* Pods_NewsFeedMVVMTests.framework */ = {isa = PBXFileReference; explicitFileType = wrapper.framework; includeInIndex = 0; path = Pods_NewsFeedMVVMTests.framework; sourceTree = BUILT_PRODUCTS_DIR; };
		FA30AADD27B1388F00CB10A9 /* URLRequestBuilder.swift */ = {isa = PBXFileReference; lastKnownFileType = sourcecode.swift; path = URLRequestBuilder.swift; sourceTree = "<group>"; };
		FA30AAE127B13ABD00CB10A9 /* NewsProvider.swift */ = {isa = PBXFileReference; lastKnownFileType = sourcecode.swift; path = NewsProvider.swift; sourceTree = "<group>"; };
		FA97381B27B11CD5002C56C1 /* NewsFeedMVVM.app */ = {isa = PBXFileReference; explicitFileType = wrapper.application; includeInIndex = 0; path = NewsFeedMVVM.app; sourceTree = BUILT_PRODUCTS_DIR; };
		FA97381E27B11CD5002C56C1 /* NewsFeedMVVMApp.swift */ = {isa = PBXFileReference; lastKnownFileType = sourcecode.swift; path = NewsFeedMVVMApp.swift; sourceTree = "<group>"; };
		FA97382227B11CD6002C56C1 /* Assets.xcassets */ = {isa = PBXFileReference; lastKnownFileType = folder.assetcatalog; path = Assets.xcassets; sourceTree = "<group>"; };
		FA97382527B11CD6002C56C1 /* Preview Assets.xcassets */ = {isa = PBXFileReference; lastKnownFileType = folder.assetcatalog; path = "Preview Assets.xcassets"; sourceTree = "<group>"; };
		FA97382B27B11CD6002C56C1 /* NewsFeedMVVMTests.xctest */ = {isa = PBXFileReference; explicitFileType = wrapper.cfbundle; includeInIndex = 0; path = NewsFeedMVVMTests.xctest; sourceTree = BUILT_PRODUCTS_DIR; };
		FA97382F27B11CD6002C56C1 /* NewsFeedMVVMTests.swift */ = {isa = PBXFileReference; lastKnownFileType = sourcecode.swift; path = NewsFeedMVVMTests.swift; sourceTree = "<group>"; };
		FA97383527B11CD6002C56C1 /* NewsFeedMVVMUITests.xctest */ = {isa = PBXFileReference; explicitFileType = wrapper.cfbundle; includeInIndex = 0; path = NewsFeedMVVMUITests.xctest; sourceTree = BUILT_PRODUCTS_DIR; };
		FA97383927B11CD6002C56C1 /* NewsFeedMVVMUITests.swift */ = {isa = PBXFileReference; lastKnownFileType = sourcecode.swift; path = NewsFeedMVVMUITests.swift; sourceTree = "<group>"; };
		FA97383B27B11CD6002C56C1 /* NewsFeedMVVMUITestsLaunchTests.swift */ = {isa = PBXFileReference; lastKnownFileType = sourcecode.swift; path = NewsFeedMVVMUITestsLaunchTests.swift; sourceTree = "<group>"; };
		FA97384A27B12035002C56C1 /* NewsView.swift */ = {isa = PBXFileReference; lastKnownFileType = sourcecode.swift; path = NewsView.swift; sourceTree = "<group>"; };
		FA97384C27B12842002C56C1 /* NewsViewModel.swift */ = {isa = PBXFileReference; lastKnownFileType = sourcecode.swift; path = NewsViewModel.swift; sourceTree = "<group>"; };
		FA97385027B13291002C56C1 /* Article.swift */ = {isa = PBXFileReference; lastKnownFileType = sourcecode.swift; path = Article.swift; sourceTree = "<group>"; };
		FA97385227B13309002C56C1 /* NewsFeed.swift */ = {isa = PBXFileReference; lastKnownFileType = sourcecode.swift; path = NewsFeed.swift; sourceTree = "<group>"; };
		FA97385427B1332E002C56C1 /* NetworkManager.swift */ = {isa = PBXFileReference; lastKnownFileType = sourcecode.swift; path = NetworkManager.swift; sourceTree = "<group>"; };
/* End PBXFileReference section */

/* Begin PBXFrameworksBuildPhase section */
		FA97381827B11CD5002C56C1 /* Frameworks */ = {
			isa = PBXFrameworksBuildPhase;
			buildActionMask = 2147483647;
			files = (
				38D4C3EA5523484EB0074FA0 /* Pods_NewsFeedMVVM.framework in Frameworks */,
			);
			runOnlyForDeploymentPostprocessing = 0;
		};
		FA97382827B11CD6002C56C1 /* Frameworks */ = {
			isa = PBXFrameworksBuildPhase;
			buildActionMask = 2147483647;
			files = (
				A574477F0D1F17036F1220B0 /* Pods_NewsFeedMVVMTests.framework in Frameworks */,
			);
			runOnlyForDeploymentPostprocessing = 0;
		};
		FA97383227B11CD6002C56C1 /* Frameworks */ = {
			isa = PBXFrameworksBuildPhase;
			buildActionMask = 2147483647;
			files = (
				9453180629397546853D15A4 /* Pods_NewsFeedMVVM_NewsFeedMVVMUITests.framework in Frameworks */,
			);
			runOnlyForDeploymentPostprocessing = 0;
		};
/* End PBXFrameworksBuildPhase section */

/* Begin PBXGroup section */
		00FF2862DB49E9F8CFA8EBF9 /* Frameworks */ = {
			isa = PBXGroup;
			children = (
				811299B9D2A76963D2C74D41 /* Pods_NewsFeedMVVM.framework */,
				9BB1FEC16DFE58745DB29FDF /* Pods_NewsFeedMVVM_NewsFeedMVVMUITests.framework */,
				F80F4C42C760FFCC486973E2 /* Pods_NewsFeedMVVMTests.framework */,
			);
			name = Frameworks;
			sourceTree = "<group>";
		};
		E6901C689B3A7183AC55F03C /* Pods */ = {
			isa = PBXGroup;
			children = (
				054F63DF3E4CB4EE90CE3E61 /* Pods-NewsFeedMVVM.debug.xcconfig */,
				035EC33DCEE175D90AD4FAEC /* Pods-NewsFeedMVVM.release.xcconfig */,
				F314D3F20150BA2FEA78DE0E /* Pods-NewsFeedMVVM-NewsFeedMVVMUITests.debug.xcconfig */,
				27B6A68844924158DEE0D379 /* Pods-NewsFeedMVVM-NewsFeedMVVMUITests.release.xcconfig */,
				5CE680BE5749B5CC0D696382 /* Pods-NewsFeedMVVMTests.debug.xcconfig */,
				ABE8C175D381C45CEBEB6288 /* Pods-NewsFeedMVVMTests.release.xcconfig */,
			);
			path = Pods;
			sourceTree = "<group>";
		};
		FA30AADA27B137A200CB10A9 /* Network */ = {
			isa = PBXGroup;
			children = (
				FA30AAE027B13AA700CB10A9 /* Providers */,
				FA30AADD27B1388F00CB10A9 /* URLRequestBuilder.swift */,
				FA97385427B1332E002C56C1 /* NetworkManager.swift */,
			);
			path = Network;
			sourceTree = "<group>";
		};
		FA30AAE027B13AA700CB10A9 /* Providers */ = {
			isa = PBXGroup;
			children = (
				FA30AAE127B13ABD00CB10A9 /* NewsProvider.swift */,
			);
			path = Providers;
			sourceTree = "<group>";
		};
		FA97381227B11CD5002C56C1 = {
			isa = PBXGroup;
			children = (
				FA97381D27B11CD5002C56C1 /* NewsFeedMVVM */,
				FA97382E27B11CD6002C56C1 /* NewsFeedMVVMTests */,
				FA97383827B11CD6002C56C1 /* NewsFeedMVVMUITests */,
				FA97381C27B11CD5002C56C1 /* Products */,
				E6901C689B3A7183AC55F03C /* Pods */,
				00FF2862DB49E9F8CFA8EBF9 /* Frameworks */,
			);
			sourceTree = "<group>";
		};
		FA97381C27B11CD5002C56C1 /* Products */ = {
			isa = PBXGroup;
			children = (
				FA97381B27B11CD5002C56C1 /* NewsFeedMVVM.app */,
				FA97382B27B11CD6002C56C1 /* NewsFeedMVVMTests.xctest */,
				FA97383527B11CD6002C56C1 /* NewsFeedMVVMUITests.xctest */,
			);
			name = Products;
			sourceTree = "<group>";
		};
		FA97381D27B11CD5002C56C1 /* NewsFeedMVVM */ = {
			isa = PBXGroup;
			children = (
				FA97384927B11E66002C56C1 /* NewsFeed */,
				FA97384F27B12962002C56C1 /* Managers */,
				FA97384E27B12867002C56C1 /* Models */,
				FA97382427B11CD6002C56C1 /* Preview Content */,
				FA97384827B11D0C002C56C1 /* Support files */,
			);
			path = NewsFeedMVVM;
			sourceTree = "<group>";
		};
		FA97382427B11CD6002C56C1 /* Preview Content */ = {
			isa = PBXGroup;
			children = (
				FA97382527B11CD6002C56C1 /* Preview Assets.xcassets */,
			);
			path = "Preview Content";
			sourceTree = "<group>";
		};
		FA97382E27B11CD6002C56C1 /* NewsFeedMVVMTests */ = {
			isa = PBXGroup;
			children = (
				FA97382F27B11CD6002C56C1 /* NewsFeedMVVMTests.swift */,
			);
			path = NewsFeedMVVMTests;
			sourceTree = "<group>";
		};
		FA97383827B11CD6002C56C1 /* NewsFeedMVVMUITests */ = {
			isa = PBXGroup;
			children = (
				FA97383927B11CD6002C56C1 /* NewsFeedMVVMUITests.swift */,
				FA97383B27B11CD6002C56C1 /* NewsFeedMVVMUITestsLaunchTests.swift */,
			);
			path = NewsFeedMVVMUITests;
			sourceTree = "<group>";
		};
		FA97384827B11D0C002C56C1 /* Support files */ = {
			isa = PBXGroup;
			children = (
				FA97381E27B11CD5002C56C1 /* NewsFeedMVVMApp.swift */,
				FA97382227B11CD6002C56C1 /* Assets.xcassets */,
			);
			path = "Support files";
			sourceTree = "<group>";
		};
		FA97384927B11E66002C56C1 /* NewsFeed */ = {
			isa = PBXGroup;
			children = (
				FA97384A27B12035002C56C1 /* NewsView.swift */,
				FA97384C27B12842002C56C1 /* NewsViewModel.swift */,
			);
			path = NewsFeed;
			sourceTree = "<group>";
		};
		FA97384E27B12867002C56C1 /* Models */ = {
			isa = PBXGroup;
			children = (
				FA97385027B13291002C56C1 /* Article.swift */,
				FA97385227B13309002C56C1 /* NewsFeed.swift */,
			);
			path = Models;
			sourceTree = "<group>";
		};
		FA97384F27B12962002C56C1 /* Managers */ = {
			isa = PBXGroup;
			children = (
				FA30AADA27B137A200CB10A9 /* Network */,
			);
			path = Managers;
			sourceTree = "<group>";
		};
/* End PBXGroup section */

/* Begin PBXNativeTarget section */
		FA97381A27B11CD5002C56C1 /* NewsFeedMVVM */ = {
			isa = PBXNativeTarget;
			buildConfigurationList = FA97383F27B11CD6002C56C1 /* Build configuration list for PBXNativeTarget "NewsFeedMVVM" */;
			buildPhases = (
				B6AC3381206D055CC24218A9 /* [CP] Check Pods Manifest.lock */,
				FA97381727B11CD5002C56C1 /* Sources */,
				FA97381827B11CD5002C56C1 /* Frameworks */,
				FA97381927B11CD5002C56C1 /* Resources */,
				BAC92BDA85C3D4CA3C831658 /* [CP] Embed Pods Frameworks */,
			);
			buildRules = (
			);
			dependencies = (
			);
			name = NewsFeedMVVM;
			productName = NewsFeedMVVM;
			productReference = FA97381B27B11CD5002C56C1 /* NewsFeedMVVM.app */;
			productType = "com.apple.product-type.application";
		};
		FA97382A27B11CD6002C56C1 /* NewsFeedMVVMTests */ = {
			isa = PBXNativeTarget;
			buildConfigurationList = FA97384227B11CD6002C56C1 /* Build configuration list for PBXNativeTarget "NewsFeedMVVMTests" */;
			buildPhases = (
				AC774E8014020B7D662D61D1 /* [CP] Check Pods Manifest.lock */,
				FA97382727B11CD6002C56C1 /* Sources */,
				FA97382827B11CD6002C56C1 /* Frameworks */,
				FA97382927B11CD6002C56C1 /* Resources */,
			);
			buildRules = (
			);
			dependencies = (
				FA97382D27B11CD6002C56C1 /* PBXTargetDependency */,
			);
			name = NewsFeedMVVMTests;
			productName = NewsFeedMVVMTests;
			productReference = FA97382B27B11CD6002C56C1 /* NewsFeedMVVMTests.xctest */;
			productType = "com.apple.product-type.bundle.unit-test";
		};
		FA97383427B11CD6002C56C1 /* NewsFeedMVVMUITests */ = {
			isa = PBXNativeTarget;
			buildConfigurationList = FA97384527B11CD6002C56C1 /* Build configuration list for PBXNativeTarget "NewsFeedMVVMUITests" */;
			buildPhases = (
				EA69309C41BB9C1F22778D29 /* [CP] Check Pods Manifest.lock */,
				FA97383127B11CD6002C56C1 /* Sources */,
				FA97383227B11CD6002C56C1 /* Frameworks */,
				FA97383327B11CD6002C56C1 /* Resources */,
				1D0367A5AF4B788ECC703A56 /* [CP] Embed Pods Frameworks */,
			);
			buildRules = (
			);
			dependencies = (
				FA97383727B11CD6002C56C1 /* PBXTargetDependency */,
			);
			name = NewsFeedMVVMUITests;
			productName = NewsFeedMVVMUITests;
			productReference = FA97383527B11CD6002C56C1 /* NewsFeedMVVMUITests.xctest */;
			productType = "com.apple.product-type.bundle.ui-testing";
		};
/* End PBXNativeTarget section */

/* Begin PBXProject section */
		FA97381327B11CD5002C56C1 /* Project object */ = {
			isa = PBXProject;
			attributes = {
				BuildIndependentTargetsInParallel = 1;
				LastSwiftUpdateCheck = 1320;
				LastUpgradeCheck = 1320;
				TargetAttributes = {
					FA97381A27B11CD5002C56C1 = {
						CreatedOnToolsVersion = 13.2.1;
					};
					FA97382A27B11CD6002C56C1 = {
						CreatedOnToolsVersion = 13.2.1;
						TestTargetID = FA97381A27B11CD5002C56C1;
					};
					FA97383427B11CD6002C56C1 = {
						CreatedOnToolsVersion = 13.2.1;
						TestTargetID = FA97381A27B11CD5002C56C1;
					};
				};
			};
			buildConfigurationList = FA97381627B11CD5002C56C1 /* Build configuration list for PBXProject "NewsFeedMVVM" */;
			compatibilityVersion = "Xcode 13.0";
			developmentRegion = en;
			hasScannedForEncodings = 0;
			knownRegions = (
				en,
				Base,
			);
			mainGroup = FA97381227B11CD5002C56C1;
			productRefGroup = FA97381C27B11CD5002C56C1 /* Products */;
			projectDirPath = "";
			projectRoot = "";
			targets = (
				FA97381A27B11CD5002C56C1 /* NewsFeedMVVM */,
				FA97382A27B11CD6002C56C1 /* NewsFeedMVVMTests */,
				FA97383427B11CD6002C56C1 /* NewsFeedMVVMUITests */,
			);
		};
/* End PBXProject section */

/* Begin PBXResourcesBuildPhase section */
		FA97381927B11CD5002C56C1 /* Resources */ = {
			isa = PBXResourcesBuildPhase;
			buildActionMask = 2147483647;
			files = (
				FA97382627B11CD6002C56C1 /* Preview Assets.xcassets in Resources */,
				FA97382327B11CD6002C56C1 /* Assets.xcassets in Resources */,
			);
			runOnlyForDeploymentPostprocessing = 0;
		};
		FA97382927B11CD6002C56C1 /* Resources */ = {
			isa = PBXResourcesBuildPhase;
			buildActionMask = 2147483647;
			files = (
			);
			runOnlyForDeploymentPostprocessing = 0;
		};
		FA97383327B11CD6002C56C1 /* Resources */ = {
			isa = PBXResourcesBuildPhase;
			buildActionMask = 2147483647;
			files = (
			);
			runOnlyForDeploymentPostprocessing = 0;
		};
/* End PBXResourcesBuildPhase section */

/* Begin PBXShellScriptBuildPhase section */
		1D0367A5AF4B788ECC703A56 /* [CP] Embed Pods Frameworks */ = {
			isa = PBXShellScriptBuildPhase;
			buildActionMask = 2147483647;
			files = (
			);
			inputFileListPaths = (
				"${PODS_ROOT}/Target Support Files/Pods-NewsFeedMVVM-NewsFeedMVVMUITests/Pods-NewsFeedMVVM-NewsFeedMVVMUITests-frameworks-${CONFIGURATION}-input-files.xcfilelist",
			);
			name = "[CP] Embed Pods Frameworks";
			outputFileListPaths = (
				"${PODS_ROOT}/Target Support Files/Pods-NewsFeedMVVM-NewsFeedMVVMUITests/Pods-NewsFeedMVVM-NewsFeedMVVMUITests-frameworks-${CONFIGURATION}-output-files.xcfilelist",
			);
			runOnlyForDeploymentPostprocessing = 0;
			shellPath = /bin/sh;
			shellScript = "\"${PODS_ROOT}/Target Support Files/Pods-NewsFeedMVVM-NewsFeedMVVMUITests/Pods-NewsFeedMVVM-NewsFeedMVVMUITests-frameworks.sh\"\n";
			showEnvVarsInLog = 0;
		};
		AC774E8014020B7D662D61D1 /* [CP] Check Pods Manifest.lock */ = {
			isa = PBXShellScriptBuildPhase;
			buildActionMask = 2147483647;
			files = (
			);
			inputFileListPaths = (
			);
			inputPaths = (
				"${PODS_PODFILE_DIR_PATH}/Podfile.lock",
				"${PODS_ROOT}/Manifest.lock",
			);
			name = "[CP] Check Pods Manifest.lock";
			outputFileListPaths = (
			);
			outputPaths = (
				"$(DERIVED_FILE_DIR)/Pods-NewsFeedMVVMTests-checkManifestLockResult.txt",
			);
			runOnlyForDeploymentPostprocessing = 0;
			shellPath = /bin/sh;
			shellScript = "diff \"${PODS_PODFILE_DIR_PATH}/Podfile.lock\" \"${PODS_ROOT}/Manifest.lock\" > /dev/null\nif [ $? != 0 ] ; then\n    # print error to STDERR\n    echo \"error: The sandbox is not in sync with the Podfile.lock. Run 'pod install' or update your CocoaPods installation.\" >&2\n    exit 1\nfi\n# This output is used by Xcode 'outputs' to avoid re-running this script phase.\necho \"SUCCESS\" > \"${SCRIPT_OUTPUT_FILE_0}\"\n";
			showEnvVarsInLog = 0;
		};
		B6AC3381206D055CC24218A9 /* [CP] Check Pods Manifest.lock */ = {
			isa = PBXShellScriptBuildPhase;
			buildActionMask = 2147483647;
			files = (
			);
			inputFileListPaths = (
			);
			inputPaths = (
				"${PODS_PODFILE_DIR_PATH}/Podfile.lock",
				"${PODS_ROOT}/Manifest.lock",
			);
			name = "[CP] Check Pods Manifest.lock";
			outputFileListPaths = (
			);
			outputPaths = (
				"$(DERIVED_FILE_DIR)/Pods-NewsFeedMVVM-checkManifestLockResult.txt",
			);
			runOnlyForDeploymentPostprocessing = 0;
			shellPath = /bin/sh;
			shellScript = "diff \"${PODS_PODFILE_DIR_PATH}/Podfile.lock\" \"${PODS_ROOT}/Manifest.lock\" > /dev/null\nif [ $? != 0 ] ; then\n    # print error to STDERR\n    echo \"error: The sandbox is not in sync with the Podfile.lock. Run 'pod install' or update your CocoaPods installation.\" >&2\n    exit 1\nfi\n# This output is used by Xcode 'outputs' to avoid re-running this script phase.\necho \"SUCCESS\" > \"${SCRIPT_OUTPUT_FILE_0}\"\n";
			showEnvVarsInLog = 0;
		};
		BAC92BDA85C3D4CA3C831658 /* [CP] Embed Pods Frameworks */ = {
			isa = PBXShellScriptBuildPhase;
			buildActionMask = 2147483647;
			files = (
			);
			inputFileListPaths = (
				"${PODS_ROOT}/Target Support Files/Pods-NewsFeedMVVM/Pods-NewsFeedMVVM-frameworks-${CONFIGURATION}-input-files.xcfilelist",
			);
			name = "[CP] Embed Pods Frameworks";
			outputFileListPaths = (
				"${PODS_ROOT}/Target Support Files/Pods-NewsFeedMVVM/Pods-NewsFeedMVVM-frameworks-${CONFIGURATION}-output-files.xcfilelist",
			);
			runOnlyForDeploymentPostprocessing = 0;
			shellPath = /bin/sh;
			shellScript = "\"${PODS_ROOT}/Target Support Files/Pods-NewsFeedMVVM/Pods-NewsFeedMVVM-frameworks.sh\"\n";
			showEnvVarsInLog = 0;
		};
		EA69309C41BB9C1F22778D29 /* [CP] Check Pods Manifest.lock */ = {
			isa = PBXShellScriptBuildPhase;
			buildActionMask = 2147483647;
			files = (
			);
			inputFileListPaths = (
			);
			inputPaths = (
				"${PODS_PODFILE_DIR_PATH}/Podfile.lock",
				"${PODS_ROOT}/Manifest.lock",
			);
			name = "[CP] Check Pods Manifest.lock";
			outputFileListPaths = (
			);
			outputPaths = (
				"$(DERIVED_FILE_DIR)/Pods-NewsFeedMVVM-NewsFeedMVVMUITests-checkManifestLockResult.txt",
			);
			runOnlyForDeploymentPostprocessing = 0;
			shellPath = /bin/sh;
			shellScript = "diff \"${PODS_PODFILE_DIR_PATH}/Podfile.lock\" \"${PODS_ROOT}/Manifest.lock\" > /dev/null\nif [ $? != 0 ] ; then\n    # print error to STDERR\n    echo \"error: The sandbox is not in sync with the Podfile.lock. Run 'pod install' or update your CocoaPods installation.\" >&2\n    exit 1\nfi\n# This output is used by Xcode 'outputs' to avoid re-running this script phase.\necho \"SUCCESS\" > \"${SCRIPT_OUTPUT_FILE_0}\"\n";
			showEnvVarsInLog = 0;
		};
/* End PBXShellScriptBuildPhase section */

/* Begin PBXSourcesBuildPhase section */
		FA97381727B11CD5002C56C1 /* Sources */ = {
			isa = PBXSourcesBuildPhase;
			buildActionMask = 2147483647;
			files = (
				FA30AADE27B1388F00CB10A9 /* URLRequestBuilder.swift in Sources */,
				FA97385127B13291002C56C1 /* Article.swift in Sources */,
				FA97381F27B11CD5002C56C1 /* NewsFeedMVVMApp.swift in Sources */,
				FA97385527B1332E002C56C1 /* NetworkManager.swift in Sources */,
				FA97384D27B12842002C56C1 /* NewsViewModel.swift in Sources */,
				FA30AAE227B13ABD00CB10A9 /* NewsProvider.swift in Sources */,
				FA97385327B13309002C56C1 /* NewsFeed.swift in Sources */,
				FA97384B27B12035002C56C1 /* NewsView.swift in Sources */,
			);
			runOnlyForDeploymentPostprocessing = 0;
		};
		FA97382727B11CD6002C56C1 /* Sources */ = {
			isa = PBXSourcesBuildPhase;
			buildActionMask = 2147483647;
			files = (
				FA97383027B11CD6002C56C1 /* NewsFeedMVVMTests.swift in Sources */,
			);
			runOnlyForDeploymentPostprocessing = 0;
		};
		FA97383127B11CD6002C56C1 /* Sources */ = {
			isa = PBXSourcesBuildPhase;
			buildActionMask = 2147483647;
			files = (
				FA97383A27B11CD6002C56C1 /* NewsFeedMVVMUITests.swift in Sources */,
				FA97383C27B11CD6002C56C1 /* NewsFeedMVVMUITestsLaunchTests.swift in Sources */,
			);
			runOnlyForDeploymentPostprocessing = 0;
		};
/* End PBXSourcesBuildPhase section */

/* Begin PBXTargetDependency section */
		FA97382D27B11CD6002C56C1 /* PBXTargetDependency */ = {
			isa = PBXTargetDependency;
			target = FA97381A27B11CD5002C56C1 /* NewsFeedMVVM */;
			targetProxy = FA97382C27B11CD6002C56C1 /* PBXContainerItemProxy */;
		};
		FA97383727B11CD6002C56C1 /* PBXTargetDependency */ = {
			isa = PBXTargetDependency;
			target = FA97381A27B11CD5002C56C1 /* NewsFeedMVVM */;
			targetProxy = FA97383627B11CD6002C56C1 /* PBXContainerItemProxy */;
		};
/* End PBXTargetDependency section */

/* Begin XCBuildConfiguration section */
		FA97383D27B11CD6002C56C1 /* Debug */ = {
			isa = XCBuildConfiguration;
			buildSettings = {
				ALWAYS_SEARCH_USER_PATHS = NO;
				CLANG_ANALYZER_NONNULL = YES;
				CLANG_ANALYZER_NUMBER_OBJECT_CONVERSION = YES_AGGRESSIVE;
				CLANG_CXX_LANGUAGE_STANDARD = "gnu++17";
				CLANG_CXX_LIBRARY = "libc++";
				CLANG_ENABLE_MODULES = YES;
				CLANG_ENABLE_OBJC_ARC = YES;
				CLANG_ENABLE_OBJC_WEAK = YES;
				CLANG_WARN_BLOCK_CAPTURE_AUTORELEASING = YES;
				CLANG_WARN_BOOL_CONVERSION = YES;
				CLANG_WARN_COMMA = YES;
				CLANG_WARN_CONSTANT_CONVERSION = YES;
				CLANG_WARN_DEPRECATED_OBJC_IMPLEMENTATIONS = YES;
				CLANG_WARN_DIRECT_OBJC_ISA_USAGE = YES_ERROR;
				CLANG_WARN_DOCUMENTATION_COMMENTS = YES;
				CLANG_WARN_EMPTY_BODY = YES;
				CLANG_WARN_ENUM_CONVERSION = YES;
				CLANG_WARN_INFINITE_RECURSION = YES;
				CLANG_WARN_INT_CONVERSION = YES;
				CLANG_WARN_NON_LITERAL_NULL_CONVERSION = YES;
				CLANG_WARN_OBJC_IMPLICIT_RETAIN_SELF = YES;
				CLANG_WARN_OBJC_LITERAL_CONVERSION = YES;
				CLANG_WARN_OBJC_ROOT_CLASS = YES_ERROR;
				CLANG_WARN_QUOTED_INCLUDE_IN_FRAMEWORK_HEADER = YES;
				CLANG_WARN_RANGE_LOOP_ANALYSIS = YES;
				CLANG_WARN_STRICT_PROTOTYPES = YES;
				CLANG_WARN_SUSPICIOUS_MOVE = YES;
				CLANG_WARN_UNGUARDED_AVAILABILITY = YES_AGGRESSIVE;
				CLANG_WARN_UNREACHABLE_CODE = YES;
				CLANG_WARN__DUPLICATE_METHOD_MATCH = YES;
				COPY_PHASE_STRIP = NO;
				DEBUG_INFORMATION_FORMAT = dwarf;
				ENABLE_STRICT_OBJC_MSGSEND = YES;
				ENABLE_TESTABILITY = YES;
				GCC_C_LANGUAGE_STANDARD = gnu11;
				GCC_DYNAMIC_NO_PIC = NO;
				GCC_NO_COMMON_BLOCKS = YES;
				GCC_OPTIMIZATION_LEVEL = 0;
				GCC_PREPROCESSOR_DEFINITIONS = (
					"DEBUG=1",
					"$(inherited)",
				);
				GCC_WARN_64_TO_32_BIT_CONVERSION = YES;
				GCC_WARN_ABOUT_RETURN_TYPE = YES_ERROR;
				GCC_WARN_UNDECLARED_SELECTOR = YES;
				GCC_WARN_UNINITIALIZED_AUTOS = YES_AGGRESSIVE;
				GCC_WARN_UNUSED_FUNCTION = YES;
				GCC_WARN_UNUSED_VARIABLE = YES;
				IPHONEOS_DEPLOYMENT_TARGET = 15.2;
				MTL_ENABLE_DEBUG_INFO = INCLUDE_SOURCE;
				MTL_FAST_MATH = YES;
				ONLY_ACTIVE_ARCH = YES;
				SDKROOT = iphoneos;
				SWIFT_ACTIVE_COMPILATION_CONDITIONS = DEBUG;
				SWIFT_OPTIMIZATION_LEVEL = "-Onone";
			};
			name = Debug;
		};
		FA97383E27B11CD6002C56C1 /* Release */ = {
			isa = XCBuildConfiguration;
			buildSettings = {
				ALWAYS_SEARCH_USER_PATHS = NO;
				CLANG_ANALYZER_NONNULL = YES;
				CLANG_ANALYZER_NUMBER_OBJECT_CONVERSION = YES_AGGRESSIVE;
				CLANG_CXX_LANGUAGE_STANDARD = "gnu++17";
				CLANG_CXX_LIBRARY = "libc++";
				CLANG_ENABLE_MODULES = YES;
				CLANG_ENABLE_OBJC_ARC = YES;
				CLANG_ENABLE_OBJC_WEAK = YES;
				CLANG_WARN_BLOCK_CAPTURE_AUTORELEASING = YES;
				CLANG_WARN_BOOL_CONVERSION = YES;
				CLANG_WARN_COMMA = YES;
				CLANG_WARN_CONSTANT_CONVERSION = YES;
				CLANG_WARN_DEPRECATED_OBJC_IMPLEMENTATIONS = YES;
				CLANG_WARN_DIRECT_OBJC_ISA_USAGE = YES_ERROR;
				CLANG_WARN_DOCUMENTATION_COMMENTS = YES;
				CLANG_WARN_EMPTY_BODY = YES;
				CLANG_WARN_ENUM_CONVERSION = YES;
				CLANG_WARN_INFINITE_RECURSION = YES;
				CLANG_WARN_INT_CONVERSION = YES;
				CLANG_WARN_NON_LITERAL_NULL_CONVERSION = YES;
				CLANG_WARN_OBJC_IMPLICIT_RETAIN_SELF = YES;
				CLANG_WARN_OBJC_LITERAL_CONVERSION = YES;
				CLANG_WARN_OBJC_ROOT_CLASS = YES_ERROR;
				CLANG_WARN_QUOTED_INCLUDE_IN_FRAMEWORK_HEADER = YES;
				CLANG_WARN_RANGE_LOOP_ANALYSIS = YES;
				CLANG_WARN_STRICT_PROTOTYPES = YES;
				CLANG_WARN_SUSPICIOUS_MOVE = YES;
				CLANG_WARN_UNGUARDED_AVAILABILITY = YES_AGGRESSIVE;
				CLANG_WARN_UNREACHABLE_CODE = YES;
				CLANG_WARN__DUPLICATE_METHOD_MATCH = YES;
				COPY_PHASE_STRIP = NO;
				DEBUG_INFORMATION_FORMAT = "dwarf-with-dsym";
				ENABLE_NS_ASSERTIONS = NO;
				ENABLE_STRICT_OBJC_MSGSEND = YES;
				GCC_C_LANGUAGE_STANDARD = gnu11;
				GCC_NO_COMMON_BLOCKS = YES;
				GCC_WARN_64_TO_32_BIT_CONVERSION = YES;
				GCC_WARN_ABOUT_RETURN_TYPE = YES_ERROR;
				GCC_WARN_UNDECLARED_SELECTOR = YES;
				GCC_WARN_UNINITIALIZED_AUTOS = YES_AGGRESSIVE;
				GCC_WARN_UNUSED_FUNCTION = YES;
				GCC_WARN_UNUSED_VARIABLE = YES;
				IPHONEOS_DEPLOYMENT_TARGET = 15.2;
				MTL_ENABLE_DEBUG_INFO = NO;
				MTL_FAST_MATH = YES;
				SDKROOT = iphoneos;
				SWIFT_COMPILATION_MODE = wholemodule;
				SWIFT_OPTIMIZATION_LEVEL = "-O";
				VALIDATE_PRODUCT = YES;
			};
			name = Release;
		};
		FA97384027B11CD6002C56C1 /* Debug */ = {
			isa = XCBuildConfiguration;
			baseConfigurationReference = 054F63DF3E4CB4EE90CE3E61 /* Pods-NewsFeedMVVM.debug.xcconfig */;
			buildSettings = {
				ASSETCATALOG_COMPILER_APPICON_NAME = AppIcon;
				ASSETCATALOG_COMPILER_GLOBAL_ACCENT_COLOR_NAME = AccentColor;
				CODE_SIGN_STYLE = Automatic;
				CURRENT_PROJECT_VERSION = 1;
				DEVELOPMENT_ASSET_PATHS = "\"NewsFeedMVVM/Preview Content\"";
				DEVELOPMENT_TEAM = 64HW2Z4RAK;
				ENABLE_PREVIEWS = YES;
				GENERATE_INFOPLIST_FILE = YES;
				INFOPLIST_KEY_UIApplicationSceneManifest_Generation = YES;
				INFOPLIST_KEY_UIApplicationSupportsIndirectInputEvents = YES;
				INFOPLIST_KEY_UILaunchScreen_Generation = YES;
				INFOPLIST_KEY_UISupportedInterfaceOrientations_iPad = "UIInterfaceOrientationPortrait UIInterfaceOrientationPortraitUpsideDown UIInterfaceOrientationLandscapeLeft UIInterfaceOrientationLandscapeRight";
				INFOPLIST_KEY_UISupportedInterfaceOrientations_iPhone = "UIInterfaceOrientationPortrait UIInterfaceOrientationLandscapeLeft UIInterfaceOrientationLandscapeRight";
				LD_RUNPATH_SEARCH_PATHS = (
					"$(inherited)",
					"@executable_path/Frameworks",
				);
				MARKETING_VERSION = 1.0;
				PRODUCT_BUNDLE_IDENTIFIER = MIzvarin.NewsFeedMVVM;
				PRODUCT_NAME = "$(TARGET_NAME)";
				SWIFT_EMIT_LOC_STRINGS = YES;
				SWIFT_VERSION = 5.0;
				TARGETED_DEVICE_FAMILY = "1,2";
			};
			name = Debug;
		};
		FA97384127B11CD6002C56C1 /* Release */ = {
			isa = XCBuildConfiguration;
			baseConfigurationReference = 035EC33DCEE175D90AD4FAEC /* Pods-NewsFeedMVVM.release.xcconfig */;
			buildSettings = {
				ASSETCATALOG_COMPILER_APPICON_NAME = AppIcon;
				ASSETCATALOG_COMPILER_GLOBAL_ACCENT_COLOR_NAME = AccentColor;
				CODE_SIGN_STYLE = Automatic;
				CURRENT_PROJECT_VERSION = 1;
				DEVELOPMENT_ASSET_PATHS = "\"NewsFeedMVVM/Preview Content\"";
				DEVELOPMENT_TEAM = 64HW2Z4RAK;
				ENABLE_PREVIEWS = YES;
				GENERATE_INFOPLIST_FILE = YES;
				INFOPLIST_KEY_UIApplicationSceneManifest_Generation = YES;
				INFOPLIST_KEY_UIApplicationSupportsIndirectInputEvents = YES;
				INFOPLIST_KEY_UILaunchScreen_Generation = YES;
				INFOPLIST_KEY_UISupportedInterfaceOrientations_iPad = "UIInterfaceOrientationPortrait UIInterfaceOrientationPortraitUpsideDown UIInterfaceOrientationLandscapeLeft UIInterfaceOrientationLandscapeRight";
				INFOPLIST_KEY_UISupportedInterfaceOrientations_iPhone = "UIInterfaceOrientationPortrait UIInterfaceOrientationLandscapeLeft UIInterfaceOrientationLandscapeRight";
				LD_RUNPATH_SEARCH_PATHS = (
					"$(inherited)",
					"@executable_path/Frameworks",
				);
				MARKETING_VERSION = 1.0;
				PRODUCT_BUNDLE_IDENTIFIER = MIzvarin.NewsFeedMVVM;
				PRODUCT_NAME = "$(TARGET_NAME)";
				SWIFT_EMIT_LOC_STRINGS = YES;
				SWIFT_VERSION = 5.0;
				TARGETED_DEVICE_FAMILY = "1,2";
			};
			name = Release;
		};
		FA97384327B11CD6002C56C1 /* Debug */ = {
			isa = XCBuildConfiguration;
			baseConfigurationReference = 5CE680BE5749B5CC0D696382 /* Pods-NewsFeedMVVMTests.debug.xcconfig */;
			buildSettings = {
				ALWAYS_EMBED_SWIFT_STANDARD_LIBRARIES = YES;
				BUNDLE_LOADER = "$(TEST_HOST)";
				CODE_SIGN_STYLE = Automatic;
				CURRENT_PROJECT_VERSION = 1;
				DEVELOPMENT_TEAM = 64HW2Z4RAK;
				GENERATE_INFOPLIST_FILE = YES;
				IPHONEOS_DEPLOYMENT_TARGET = 15.2;
				MARKETING_VERSION = 1.0;
				PRODUCT_BUNDLE_IDENTIFIER = MIzvarin.NewsFeedMVVMTests;
				PRODUCT_NAME = "$(TARGET_NAME)";
				SWIFT_EMIT_LOC_STRINGS = NO;
				SWIFT_VERSION = 5.0;
				TARGETED_DEVICE_FAMILY = "1,2";
				TEST_HOST = "$(BUILT_PRODUCTS_DIR)/NewsFeedMVVM.app/NewsFeedMVVM";
			};
			name = Debug;
		};
		FA97384427B11CD6002C56C1 /* Release */ = {
			isa = XCBuildConfiguration;
			baseConfigurationReference = ABE8C175D381C45CEBEB6288 /* Pods-NewsFeedMVVMTests.release.xcconfig */;
			buildSettings = {
				ALWAYS_EMBED_SWIFT_STANDARD_LIBRARIES = YES;
				BUNDLE_LOADER = "$(TEST_HOST)";
				CODE_SIGN_STYLE = Automatic;
				CURRENT_PROJECT_VERSION = 1;
				DEVELOPMENT_TEAM = 64HW2Z4RAK;
				GENERATE_INFOPLIST_FILE = YES;
				IPHONEOS_DEPLOYMENT_TARGET = 15.2;
				MARKETING_VERSION = 1.0;
				PRODUCT_BUNDLE_IDENTIFIER = MIzvarin.NewsFeedMVVMTests;
				PRODUCT_NAME = "$(TARGET_NAME)";
				SWIFT_EMIT_LOC_STRINGS = NO;
				SWIFT_VERSION = 5.0;
				TARGETED_DEVICE_FAMILY = "1,2";
				TEST_HOST = "$(BUILT_PRODUCTS_DIR)/NewsFeedMVVM.app/NewsFeedMVVM";
			};
			name = Release;
		};
		FA97384627B11CD6002C56C1 /* Debug */ = {
			isa = XCBuildConfiguration;
			baseConfigurationReference = F314D3F20150BA2FEA78DE0E /* Pods-NewsFeedMVVM-NewsFeedMVVMUITests.debug.xcconfig */;
			buildSettings = {
				ALWAYS_EMBED_SWIFT_STANDARD_LIBRARIES = YES;
				CODE_SIGN_STYLE = Automatic;
				CURRENT_PROJECT_VERSION = 1;
				DEVELOPMENT_TEAM = 64HW2Z4RAK;
				GENERATE_INFOPLIST_FILE = YES;
				MARKETING_VERSION = 1.0;
				PRODUCT_BUNDLE_IDENTIFIER = MIzvarin.NewsFeedMVVMUITests;
				PRODUCT_NAME = "$(TARGET_NAME)";
				SWIFT_EMIT_LOC_STRINGS = NO;
				SWIFT_VERSION = 5.0;
				TARGETED_DEVICE_FAMILY = "1,2";
				TEST_TARGET_NAME = NewsFeedMVVM;
			};
			name = Debug;
		};
		FA97384727B11CD6002C56C1 /* Release */ = {
			isa = XCBuildConfiguration;
			baseConfigurationReference = 27B6A68844924158DEE0D379 /* Pods-NewsFeedMVVM-NewsFeedMVVMUITests.release.xcconfig */;
			buildSettings = {
				ALWAYS_EMBED_SWIFT_STANDARD_LIBRARIES = YES;
				CODE_SIGN_STYLE = Automatic;
				CURRENT_PROJECT_VERSION = 1;
				DEVELOPMENT_TEAM = 64HW2Z4RAK;
				GENERATE_INFOPLIST_FILE = YES;
				MARKETING_VERSION = 1.0;
				PRODUCT_BUNDLE_IDENTIFIER = MIzvarin.NewsFeedMVVMUITests;
				PRODUCT_NAME = "$(TARGET_NAME)";
				SWIFT_EMIT_LOC_STRINGS = NO;
				SWIFT_VERSION = 5.0;
				TARGETED_DEVICE_FAMILY = "1,2";
				TEST_TARGET_NAME = NewsFeedMVVM;
			};
			name = Release;
		};
/* End XCBuildConfiguration section */

/* Begin XCConfigurationList section */
		FA97381627B11CD5002C56C1 /* Build configuration list for PBXProject "NewsFeedMVVM" */ = {
			isa = XCConfigurationList;
			buildConfigurations = (
				FA97383D27B11CD6002C56C1 /* Debug */,
				FA97383E27B11CD6002C56C1 /* Release */,
			);
			defaultConfigurationIsVisible = 0;
			defaultConfigurationName = Release;
		};
		FA97383F27B11CD6002C56C1 /* Build configuration list for PBXNativeTarget "NewsFeedMVVM" */ = {
			isa = XCConfigurationList;
			buildConfigurations = (
				FA97384027B11CD6002C56C1 /* Debug */,
				FA97384127B11CD6002C56C1 /* Release */,
			);
			defaultConfigurationIsVisible = 0;
			defaultConfigurationName = Release;
		};
		FA97384227B11CD6002C56C1 /* Build configuration list for PBXNativeTarget "NewsFeedMVVMTests" */ = {
			isa = XCConfigurationList;
			buildConfigurations = (
				FA97384327B11CD6002C56C1 /* Debug */,
				FA97384427B11CD6002C56C1 /* Release */,
			);
			defaultConfigurationIsVisible = 0;
			defaultConfigurationName = Release;
		};
		FA97384527B11CD6002C56C1 /* Build configuration list for PBXNativeTarget "NewsFeedMVVMUITests" */ = {
			isa = XCConfigurationList;
			buildConfigurations = (
				FA97384627B11CD6002C56C1 /* Debug */,
				FA97384727B11CD6002C56C1 /* Release */,
			);
			defaultConfigurationIsVisible = 0;
			defaultConfigurationName = Release;
		};
/* End XCConfigurationList section */
	};
	rootObject = FA97381327B11CD5002C56C1 /* Project object */;
}
